
Microsoft Visual Studio Solution File, Format Version 12.00
# Visual Studio Version 16
VisualStudioVersion = 16.0.30717.126
MinimumVisualStudioVersion = 10.0.40219.1
Project("{FAE04EC0-301F-11D3-BF4B-00C04F79EFBC}") = "Task2CSCassignment", "WebAPI2\Task2CSCassignment.csproj", "{D1B7C2EF-E14A-491C-8E94-D026D95FF87F}"
EndProject
Global
	GlobalSection(SolutionConfigurationPlatforms) = preSolution
		Debug|Any CPU = Debug|Any CPU
		Release|Any CPU = Release|Any CPU
	EndGlobalSection
	GlobalSection(ProjectConfigurationPlatforms) = postSolution
		{D1B7C2EF-E14A-491C-8E94-D026D95FF87F}.Debug|Any CPU.ActiveCfg = Debug|Any CPU
		{D1B7C2EF-E14A-491C-8E94-D026D95FF87F}.Debug|Any CPU.Build.0 = Debug|Any CPU
		{D1B7C2EF-E14A-491C-8E94-D026D95FF87F}.Release|Any CPU.ActiveCfg = Release|Any CPU
		{D1B7C2EF-E14A-491C-8E94-D026D95FF87F}.Release|Any CPU.Build.0 = Release|Any CPU
	EndGlobalSection
	GlobalSection(SolutionProperties) = preSolution
		HideSolutionNode = FALSE
	EndGlobalSection
	GlobalSection(ExtensibilityGlobals) = postSolution
		SolutionGuid = {BAD5D7C3-A625-47E0-BF7A-E7536F2C8F2C}
	EndGlobalSection
EndGlobal
