
Microsoft Visual Studio Solution File, Format Version 12.00
# Visual Studio 15
VisualStudioVersion = 15.0.28307.852
MinimumVisualStudioVersion = 10.0.40219.1
Project("{FAE04EC0-301F-11D3-BF4B-00C04F79EFBC}") = "CloudComputingAssignment1", "Practical2CLoudMOdule\CloudComputingAssignment1.csproj", "{FC95F910-5181-4CDE-9EE9-DEC2CC98EC83}"
EndProject
Global
	GlobalSection(SolutionConfigurationPlatforms) = preSolution
		Debug|Any CPU = Debug|Any CPU
		Release|Any CPU = Release|Any CPU
	EndGlobalSection
	GlobalSection(ProjectConfigurationPlatforms) = postSolution
		{FC95F910-5181-4CDE-9EE9-DEC2CC98EC83}.Debug|Any CPU.ActiveCfg = Debug|Any CPU
		{FC95F910-5181-4CDE-9EE9-DEC2CC98EC83}.Debug|Any CPU.Build.0 = Debug|Any CPU
		{FC95F910-5181-4CDE-9EE9-DEC2CC98EC83}.Release|Any CPU.ActiveCfg = Release|Any CPU
		{FC95F910-5181-4CDE-9EE9-DEC2CC98EC83}.Release|Any CPU.Build.0 = Release|Any CPU
	EndGlobalSection
	GlobalSection(SolutionProperties) = preSolution
		HideSolutionNode = FALSE
	EndGlobalSection
	GlobalSection(ExtensibilityGlobals) = postSolution
		SolutionGuid = {119FB8D9-9655-4781-AADD-3920D8575A4A}
	EndGlobalSection
EndGlobal
