
Microsoft Visual Studio Solution File, Format Version 12.00
# Visual Studio Version 16
VisualStudioVersion = 16.0.30717.126
MinimumVisualStudioVersion = 10.0.40219.1
Project("{FAE04EC0-301F-11D3-BF4B-00C04F79EFBC}") = "Task4ProductStore", "Task4ProductStore\Task4ProductStore.csproj", "{5E2755D9-98F8-49C8-B0AA-2E73017845E5}"
EndProject
Global
	GlobalSection(SolutionConfigurationPlatforms) = preSolution
		Debug|Any CPU = Debug|Any CPU
		Release|Any CPU = Release|Any CPU
	EndGlobalSection
	GlobalSection(ProjectConfigurationPlatforms) = postSolution
		{5E2755D9-98F8-49C8-B0AA-2E73017845E5}.Debug|Any CPU.ActiveCfg = Debug|Any CPU
		{5E2755D9-98F8-49C8-B0AA-2E73017845E5}.Debug|Any CPU.Build.0 = Debug|Any CPU
		{5E2755D9-98F8-49C8-B0AA-2E73017845E5}.Release|Any CPU.ActiveCfg = Release|Any CPU
		{5E2755D9-98F8-49C8-B0AA-2E73017845E5}.Release|Any CPU.Build.0 = Release|Any CPU
	EndGlobalSection
	GlobalSection(SolutionProperties) = preSolution
		HideSolutionNode = FALSE
	EndGlobalSection
	GlobalSection(ExtensibilityGlobals) = postSolution
		SolutionGuid = {DA00443A-0BC3-4583-AAD7-8906BE5B4DA4}
	EndGlobalSection
EndGlobal
