
Microsoft Visual Studio Solution File, Format Version 12.00
# Visual Studio Version 16
VisualStudioVersion = 16.0.30717.126
MinimumVisualStudioVersion = 10.0.40219.1
Project("{FAE04EC0-301F-11D3-BF4B-00C04F79EFBC}") = "StudentRecords", "StudentRecords\StudentRecords.csproj", "{DC5607F5-5243-4324-8D33-E42C780BC900}"
EndProject
Global
	GlobalSection(SolutionConfigurationPlatforms) = preSolution
		Debug|Any CPU = Debug|Any CPU
		Release|Any CPU = Release|Any CPU
	EndGlobalSection
	GlobalSection(ProjectConfigurationPlatforms) = postSolution
		{DC5607F5-5243-4324-8D33-E42C780BC900}.Debug|Any CPU.ActiveCfg = Debug|Any CPU
		{DC5607F5-5243-4324-8D33-E42C780BC900}.Debug|Any CPU.Build.0 = Debug|Any CPU
		{DC5607F5-5243-4324-8D33-E42C780BC900}.Release|Any CPU.ActiveCfg = Release|Any CPU
		{DC5607F5-5243-4324-8D33-E42C780BC900}.Release|Any CPU.Build.0 = Release|Any CPU
	EndGlobalSection
	GlobalSection(SolutionProperties) = preSolution
		HideSolutionNode = FALSE
	EndGlobalSection
	GlobalSection(ExtensibilityGlobals) = postSolution
		SolutionGuid = {B33260D8-A79E-40D0-B6C2-8FB49447EBCF}
	EndGlobalSection
EndGlobal
